PODS:
  - RxSwift (3.0.1)
  - TileShiftView (0.1.0):
    - RxSwift

DEPENDENCIES:
  - TileShiftView (from `../`)

EXTERNAL SOURCES:
  TileShiftView:
    :path: "../"

SPEC CHECKSUMS:
  RxSwift: af5680055c4ad04480189c52d28385b1029493a6
  TileShiftView: ea2c6c6643f22416e5a4e2377048d44c2844efe6

PODFILE CHECKSUM: 4bfc8cd6d2a57744d5e66793d09a12f0fe3cac55

COCOAPODS: 1.2.1.beta.1
