PODS:
  - RxSwift (3.0.1)
  - TileShiftView (0.1.0):
    - RxSwift

DEPENDENCIES:
  - TileShiftView (from `../`)

EXTERNAL SOURCES:
  TileShiftView:
    :path: "../"

SPEC CHECKSUMS:
  RxSwift: af5680055c4ad04480189c52d28385b1029493a6
  TileShiftView: ddb3d08566cb5aa4c29b928562f6d354a211b812

PODFILE CHECKSUM: 4bfc8cd6d2a57744d5e66793d09a12f0fe3cac55

COCOAPODS: 1.2.0.beta.1
